
Microsoft Visual Studio Solution File, Format Version 12.00
# Visual Studio Version 16
VisualStudioVersion = 16.0.32802.440
MinimumVisualStudioVersion = 10.0.40219.1
Project("{9A19103F-16F7-4668-BE54-9A1E7A4F7556}") = "CrmUpSchool.UILayer", "CRMUpSchool.UILayer\CrmUpSchool.UILayer.csproj", "{A48861FB-B43A-41ED-B101-9486D8121064}"
EndProject
Project("{9A19103F-16F7-4668-BE54-9A1E7A4F7556}") = "CrmUpSchool.EntityLayer", "CrmUpSchool.EntityLayer\CrmUpSchool.EntityLayer.csproj", "{D215A3F2-4F60-44FF-9AC3-3FE1B627A308}"
EndProject
Project("{FAE04EC0-301F-11D3-BF4B-00C04F79EFBC}") = "CrmUpSchool.BusinessLayer", "CrmUpSchool.BusinessLayer\CrmUpSchool.BusinessLayer.csproj", "{7AE9FCE0-DD7A-46A6-98FA-53E7C3F2B3D0}"
EndProject
Project("{FAE04EC0-301F-11D3-BF4B-00C04F79EFBC}") = "CrmUpSchool.DataAccessLayer", "CrmUpSchool.DataAccessLayer\CrmUpSchool.DataAccessLayer.csproj", "{51F82959-F4FD-451E-B96C-28C5F2B004B8}"
EndProject
Global
	GlobalSection(SolutionConfigurationPlatforms) = preSolution
		Debug|Any CPU = Debug|Any CPU
		Release|Any CPU = Release|Any CPU
	EndGlobalSection
	GlobalSection(ProjectConfigurationPlatforms) = postSolution
		{A48861FB-B43A-41ED-B101-9486D8121064}.Debug|Any CPU.ActiveCfg = Debug|Any CPU
		{A48861FB-B43A-41ED-B101-9486D8121064}.Debug|Any CPU.Build.0 = Debug|Any CPU
		{A48861FB-B43A-41ED-B101-9486D8121064}.Release|Any CPU.ActiveCfg = Release|Any CPU
		{A48861FB-B43A-41ED-B101-9486D8121064}.Release|Any CPU.Build.0 = Release|Any CPU
		{D215A3F2-4F60-44FF-9AC3-3FE1B627A308}.Debug|Any CPU.ActiveCfg = Debug|Any CPU
		{D215A3F2-4F60-44FF-9AC3-3FE1B627A308}.Debug|Any CPU.Build.0 = Debug|Any CPU
		{D215A3F2-4F60-44FF-9AC3-3FE1B627A308}.Release|Any CPU.ActiveCfg = Release|Any CPU
		{D215A3F2-4F60-44FF-9AC3-3FE1B627A308}.Release|Any CPU.Build.0 = Release|Any CPU
		{7AE9FCE0-DD7A-46A6-98FA-53E7C3F2B3D0}.Debug|Any CPU.ActiveCfg = Debug|Any CPU
		{7AE9FCE0-DD7A-46A6-98FA-53E7C3F2B3D0}.Debug|Any CPU.Build.0 = Debug|Any CPU
		{7AE9FCE0-DD7A-46A6-98FA-53E7C3F2B3D0}.Release|Any CPU.ActiveCfg = Release|Any CPU
		{7AE9FCE0-DD7A-46A6-98FA-53E7C3F2B3D0}.Release|Any CPU.Build.0 = Release|Any CPU
		{51F82959-F4FD-451E-B96C-28C5F2B004B8}.Debug|Any CPU.ActiveCfg = Debug|Any CPU
		{51F82959-F4FD-451E-B96C-28C5F2B004B8}.Debug|Any CPU.Build.0 = Debug|Any CPU
		{51F82959-F4FD-451E-B96C-28C5F2B004B8}.Release|Any CPU.ActiveCfg = Release|Any CPU
		{51F82959-F4FD-451E-B96C-28C5F2B004B8}.Release|Any CPU.Build.0 = Release|Any CPU
	EndGlobalSection
	GlobalSection(SolutionProperties) = preSolution
		HideSolutionNode = FALSE
	EndGlobalSection
	GlobalSection(ExtensibilityGlobals) = postSolution
		SolutionGuid = {30AC205C-D757-4D28-8CA1-A786A4845E37}
	EndGlobalSection
EndGlobal
